
Microsoft Visual Studio Solution File, Format Version 12.00
# Visual Studio Version 17
VisualStudioVersion = 17.8.34316.72
MinimumVisualStudioVersion = 10.0.40219.1
Project("{FAE04EC0-301F-11D3-BF4B-00C04F79EFBC}") = "AllUpTag", "AllUpTag\AllUpTag.csproj", "{66251D03-2EFB-4FCE-BE60-F364E38C0D44}"
EndProject
Global
	GlobalSection(SolutionConfigurationPlatforms) = preSolution
		Debug|Any CPU = Debug|Any CPU
		Release|Any CPU = Release|Any CPU
	EndGlobalSection
	GlobalSection(ProjectConfigurationPlatforms) = postSolution
		{66251D03-2EFB-4FCE-BE60-F364E38C0D44}.Debug|Any CPU.ActiveCfg = Debug|Any CPU
		{66251D03-2EFB-4FCE-BE60-F364E38C0D44}.Debug|Any CPU.Build.0 = Debug|Any CPU
		{66251D03-2EFB-4FCE-BE60-F364E38C0D44}.Release|Any CPU.ActiveCfg = Release|Any CPU
		{66251D03-2EFB-4FCE-BE60-F364E38C0D44}.Release|Any CPU.Build.0 = Release|Any CPU
	EndGlobalSection
	GlobalSection(SolutionProperties) = preSolution
		HideSolutionNode = FALSE
	EndGlobalSection
	GlobalSection(ExtensibilityGlobals) = postSolution
		SolutionGuid = {F42163E0-6F42-4E0A-B84F-DC21866C0C52}
	EndGlobalSection
EndGlobal
