
Microsoft Visual Studio Solution File, Format Version 12.00
# Visual Studio Version 17
VisualStudioVersion = 17.8.34316.72
MinimumVisualStudioVersion = 10.0.40219.1
Project("{FAE04EC0-301F-11D3-BF4B-00C04F79EFBC}") = "PustokSliderCRUD", "PustokSliderCRUD\PustokSliderCRUD.csproj", "{08E0E15D-7EB2-45CF-92AC-39D6B572F408}"
EndProject
Global
	GlobalSection(SolutionConfigurationPlatforms) = preSolution
		Debug|Any CPU = Debug|Any CPU
		Release|Any CPU = Release|Any CPU
	EndGlobalSection
	GlobalSection(ProjectConfigurationPlatforms) = postSolution
		{08E0E15D-7EB2-45CF-92AC-39D6B572F408}.Debug|Any CPU.ActiveCfg = Debug|Any CPU
		{08E0E15D-7EB2-45CF-92AC-39D6B572F408}.Debug|Any CPU.Build.0 = Debug|Any CPU
		{08E0E15D-7EB2-45CF-92AC-39D6B572F408}.Release|Any CPU.ActiveCfg = Release|Any CPU
		{08E0E15D-7EB2-45CF-92AC-39D6B572F408}.Release|Any CPU.Build.0 = Release|Any CPU
	EndGlobalSection
	GlobalSection(SolutionProperties) = preSolution
		HideSolutionNode = FALSE
	EndGlobalSection
	GlobalSection(ExtensibilityGlobals) = postSolution
		SolutionGuid = {C5DFF697-8D2E-4772-9CE1-A25BB34D486C}
	EndGlobalSection
EndGlobal
